
Microsoft Visual Studio Solution File, Format Version 12.00
Project("{FAE04EC0-301F-11D3-BF4B-00C04F79EFBC}") = "OOP", "OOP\OOP.csproj", "{2EEADE1A-51BD-427A-BC0B-F153E049E795}"
EndProject
Project("{FAE04EC0-301F-11D3-BF4B-00C04F79EFBC}") = "SingleResponsibilityPrinciple", "SingleResponsibilityPrinciple\SingleResponsibilityPrinciple.csproj", "{D722CDE5-067C-450F-87DC-301A318C28E1}"
EndProject
Project("{FAE04EC0-301F-11D3-BF4B-00C04F79EFBC}") = "DiceGame", "DiceGame\DiceGame.csproj", "{0791BDB5-CBD0-42DE-A32A-8C47E56054AB}"
EndProject
Project("{FAE04EC0-301F-11D3-BF4B-00C04F79EFBC}") = "OOPADVANCED", "OOPADVANCED\OOPADVANCED.csproj", "{D32B8FF8-34F5-492D-9FE9-F2E8FC7BD637}"
EndProject
Global
	GlobalSection(SolutionConfigurationPlatforms) = preSolution
		Debug|Any CPU = Debug|Any CPU
		Release|Any CPU = Release|Any CPU
	EndGlobalSection
	GlobalSection(ProjectConfigurationPlatforms) = postSolution
		{2EEADE1A-51BD-427A-BC0B-F153E049E795}.Debug|Any CPU.ActiveCfg = Debug|Any CPU
		{2EEADE1A-51BD-427A-BC0B-F153E049E795}.Debug|Any CPU.Build.0 = Debug|Any CPU
		{2EEADE1A-51BD-427A-BC0B-F153E049E795}.Release|Any CPU.ActiveCfg = Release|Any CPU
		{2EEADE1A-51BD-427A-BC0B-F153E049E795}.Release|Any CPU.Build.0 = Release|Any CPU
		{D722CDE5-067C-450F-87DC-301A318C28E1}.Debug|Any CPU.ActiveCfg = Debug|Any CPU
		{D722CDE5-067C-450F-87DC-301A318C28E1}.Debug|Any CPU.Build.0 = Debug|Any CPU
		{D722CDE5-067C-450F-87DC-301A318C28E1}.Release|Any CPU.ActiveCfg = Release|Any CPU
		{D722CDE5-067C-450F-87DC-301A318C28E1}.Release|Any CPU.Build.0 = Release|Any CPU
		{0791BDB5-CBD0-42DE-A32A-8C47E56054AB}.Debug|Any CPU.ActiveCfg = Debug|Any CPU
		{0791BDB5-CBD0-42DE-A32A-8C47E56054AB}.Debug|Any CPU.Build.0 = Debug|Any CPU
		{0791BDB5-CBD0-42DE-A32A-8C47E56054AB}.Release|Any CPU.ActiveCfg = Release|Any CPU
		{0791BDB5-CBD0-42DE-A32A-8C47E56054AB}.Release|Any CPU.Build.0 = Release|Any CPU
		{D32B8FF8-34F5-492D-9FE9-F2E8FC7BD637}.Debug|Any CPU.ActiveCfg = Debug|Any CPU
		{D32B8FF8-34F5-492D-9FE9-F2E8FC7BD637}.Debug|Any CPU.Build.0 = Debug|Any CPU
		{D32B8FF8-34F5-492D-9FE9-F2E8FC7BD637}.Release|Any CPU.ActiveCfg = Release|Any CPU
		{D32B8FF8-34F5-492D-9FE9-F2E8FC7BD637}.Release|Any CPU.Build.0 = Release|Any CPU
	EndGlobalSection
EndGlobal
